PODS:
  - DrawerController (1.0.0):
    - DrawerController/Core (= 1.0.0)
    - DrawerController/DrawerVisualStates (= 1.0.0)
  - DrawerController/Core (1.0.0)
  - DrawerController/DrawerVisualStates (1.0.0):
    - DrawerController/Core
  - HMSegmentedControl (1.5)

DEPENDENCIES:
  - DrawerController (~> 1.0)
  - HMSegmentedControl

SPEC CHECKSUMS:
  DrawerController: 55dffbedcfc7ead190d816913f6804298dfa66c1
  HMSegmentedControl: 5bb76002ce529ad83855a06cbdb5c6e48732141b

COCOAPODS: 0.36.0
